
Microsoft Visual Studio Solution File, Format Version 12.00
# Visual Studio 14
VisualStudioVersion = 14.0.25123.0
MinimumVisualStudioVersion = 10.0.40219.1
Project("{96EEF704-C48F-4C0F-B65D-EFEADBCFEC0D}") = "Sitecore.Support.80359", "Sitecore.Support.80359\Sitecore.Support.80359.csproj", "{21E5CE93-018F-4F3F-849C-774285A24A68}"
EndProject
Global
	GlobalSection(SolutionConfigurationPlatforms) = preSolution
		Debug|Any CPU = Debug|Any CPU
		Release|Any CPU = Release|Any CPU
	EndGlobalSection
	GlobalSection(ProjectConfigurationPlatforms) = postSolution
		{21E5CE93-018F-4F3F-849C-774285A24A68}.Debug|Any CPU.ActiveCfg = Debug|Any CPU
		{21E5CE93-018F-4F3F-849C-774285A24A68}.Debug|Any CPU.Build.0 = Debug|Any CPU
		{21E5CE93-018F-4F3F-849C-774285A24A68}.Release|Any CPU.ActiveCfg = Release|Any CPU
		{21E5CE93-018F-4F3F-849C-774285A24A68}.Release|Any CPU.Build.0 = Release|Any CPU
	EndGlobalSection
	GlobalSection(SolutionProperties) = preSolution
		HideSolutionNode = FALSE
	EndGlobalSection
EndGlobal
